
Microsoft Visual Studio Solution File, Format Version 12.00
# Visual Studio Version 16
VisualStudioVersion = 16.0.30114.105
MinimumVisualStudioVersion = 10.0.40219.1
Project("{FAE04EC0-301F-11D3-BF4B-00C04F79EFBC}") = "Puzzle1", "Puzzle1.csproj", "{041DB314-2EB1-4984-A19B-2BEF0F76E429}"
EndProject
Project("{FAE04EC0-301F-11D3-BF4B-00C04F79EFBC}") = "Helpers", "..\..\Helpers\Helpers\Helpers.csproj", "{43F0276C-90DB-449F-B430-932BCAE0A6C4}"
EndProject
Global
	GlobalSection(SolutionConfigurationPlatforms) = preSolution
		Debug|Any CPU = Debug|Any CPU
		Release|Any CPU = Release|Any CPU
	EndGlobalSection
	GlobalSection(SolutionProperties) = preSolution
		HideSolutionNode = FALSE
	EndGlobalSection
	GlobalSection(ProjectConfigurationPlatforms) = postSolution
		{041DB314-2EB1-4984-A19B-2BEF0F76E429}.Debug|Any CPU.ActiveCfg = Debug|Any CPU
		{041DB314-2EB1-4984-A19B-2BEF0F76E429}.Debug|Any CPU.Build.0 = Debug|Any CPU
		{041DB314-2EB1-4984-A19B-2BEF0F76E429}.Release|Any CPU.ActiveCfg = Release|Any CPU
		{041DB314-2EB1-4984-A19B-2BEF0F76E429}.Release|Any CPU.Build.0 = Release|Any CPU
		{43F0276C-90DB-449F-B430-932BCAE0A6C4}.Debug|Any CPU.ActiveCfg = Debug|Any CPU
		{43F0276C-90DB-449F-B430-932BCAE0A6C4}.Debug|Any CPU.Build.0 = Debug|Any CPU
		{43F0276C-90DB-449F-B430-932BCAE0A6C4}.Release|Any CPU.ActiveCfg = Release|Any CPU
		{43F0276C-90DB-449F-B430-932BCAE0A6C4}.Release|Any CPU.Build.0 = Release|Any CPU
	EndGlobalSection
EndGlobal
